
Microsoft Visual Studio Solution File, Format Version 12.00
# Visual Studio Version 17
VisualStudioVersion = 17.7.34024.191
MinimumVisualStudioVersion = 10.0.40219.1
Project("{FAE04EC0-301F-11D3-BF4B-00C04F79EFBC}") = "smarthealthcare", "smarthealthcare\smarthealthcare.csproj", "{010ABFCA-C7FC-4E89-9B6C-904678A516CC}"
EndProject
Project("{FAE04EC0-301F-11D3-BF4B-00C04F79EFBC}") = "Entity", "Entity\Entity.csproj", "{A5D733E2-75B4-49D4-AD7E-531FFDD16E85}"
EndProject
Global
	GlobalSection(SolutionConfigurationPlatforms) = preSolution
		Debug|Any CPU = Debug|Any CPU
		Release|Any CPU = Release|Any CPU
	EndGlobalSection
	GlobalSection(ProjectConfigurationPlatforms) = postSolution
		{010ABFCA-C7FC-4E89-9B6C-904678A516CC}.Debug|Any CPU.ActiveCfg = Debug|Any CPU
		{010ABFCA-C7FC-4E89-9B6C-904678A516CC}.Debug|Any CPU.Build.0 = Debug|Any CPU
		{010ABFCA-C7FC-4E89-9B6C-904678A516CC}.Release|Any CPU.ActiveCfg = Release|Any CPU
		{010ABFCA-C7FC-4E89-9B6C-904678A516CC}.Release|Any CPU.Build.0 = Release|Any CPU
		{A5D733E2-75B4-49D4-AD7E-531FFDD16E85}.Debug|Any CPU.ActiveCfg = Debug|Any CPU
		{A5D733E2-75B4-49D4-AD7E-531FFDD16E85}.Debug|Any CPU.Build.0 = Debug|Any CPU
		{A5D733E2-75B4-49D4-AD7E-531FFDD16E85}.Release|Any CPU.ActiveCfg = Release|Any CPU
		{A5D733E2-75B4-49D4-AD7E-531FFDD16E85}.Release|Any CPU.Build.0 = Release|Any CPU
	EndGlobalSection
	GlobalSection(SolutionProperties) = preSolution
		HideSolutionNode = FALSE
	EndGlobalSection
	GlobalSection(ExtensibilityGlobals) = postSolution
		SolutionGuid = {17BCADBA-D6EC-4610-B3E0-633CB28A2DAD}
	EndGlobalSection
EndGlobal
